schema: '2.0'
stages:
  get_data:
    cmd: python3 get_data.py
    deps:
    - path: get_data.py
      hash: md5
      md5: f2327c764af117debfe552b714bbc358
      size: 810
    outs:
    - path: data_raw.csv
      hash: md5
      md5: b427a8c0156e79f12e418b08cde43c7e
      size: 68868
  process:
    cmd: python3 process_data.py
    deps:
    - path: data_raw.csv
      hash: md5
      md5: b427a8c0156e79f12e418b08cde43c7e
      size: 68868
    - path: process_data.py
      hash: md5
      md5: 79b357c12f171f3d07c76780815b651c
      size: 900
    outs:
    - path: data_processed.csv
      hash: md5
      md5: 03269b6c0a766dc80e090326008765b3
      size: 24227
  train:
    cmd: python3 train.py
    deps:
    - path: data_processed.csv
      hash: md5
      md5: 03269b6c0a766dc80e090326008765b3
      size: 24227
    - path: train.py
      hash: md5
      md5: 4b322e42ae4f81ed5deaf5f547aa6cf7
      size: 1499
    outs:
    - path: by_region.png
      hash: md5
      md5: e86eae41dbf2357035c7162828c366f2
      size: 7900
